{
  "name": "serverless-java-aws",
  "version": "1.0.0",
  "lockfileVersion": 1,
  "requires": true,
  "dependencies": {
    "serverless-cloudformation-sub-variables": {
      "version": "0.2.1",
      "resolved": "https://registry.npmjs.org/serverless-cloudformation-sub-variables/-/serverless-cloudformation-sub-variables-0.2.1.tgz",
      "integrity": "sha512-ClknmsdUx+aUakbNo0aP4L0SwwM+Bd/HtjOdgJVDqWuNQlQsDr4ajX/nM5nABseFsIQhzyoSq5F6xgnajloWuQ==",
      "dev": true
    }
  }
}
